
Microsoft Visual Studio Solution File, Format Version 12.00
# Visual Studio Version 17
VisualStudioVersion = 17.3.32901.215
MinimumVisualStudioVersion = 10.0.40219.1
Project("{FAE04EC0-301F-11D3-BF4B-00C04F79EFBC}") = "TextToPromptFunction", "TextToPromptFunction.csproj", "{74E63FD8-9C7F-496E-BED1-B7F356DA2F26}"
EndProject
Global
	GlobalSection(SolutionConfigurationPlatforms) = preSolution
		Debug|Any CPU = Debug|Any CPU
		Release|Any CPU = Release|Any CPU
	EndGlobalSection
	GlobalSection(ProjectConfigurationPlatforms) = postSolution
		{74E63FD8-9C7F-496E-BED1-B7F356DA2F26}.Debug|Any CPU.ActiveCfg = Debug|Any CPU
		{74E63FD8-9C7F-496E-BED1-B7F356DA2F26}.Debug|Any CPU.Build.0 = Debug|Any CPU
		{74E63FD8-9C7F-496E-BED1-B7F356DA2F26}.Release|Any CPU.ActiveCfg = Release|Any CPU
		{74E63FD8-9C7F-496E-BED1-B7F356DA2F26}.Release|Any CPU.Build.0 = Release|Any CPU
	EndGlobalSection
	GlobalSection(SolutionProperties) = preSolution
		HideSolutionNode = FALSE
	EndGlobalSection
	GlobalSection(ExtensibilityGlobals) = postSolution
		SolutionGuid = {C1D76185-B67B-49D4-99A9-358DA2AA45C1}
	EndGlobalSection
EndGlobal
